
Microsoft Visual Studio Solution File, Format Version 12.00
# Visual Studio Version 16
VisualStudioVersion = 25.0.1706.8
MinimumVisualStudioVersion = 10.0.40219.1
Project("{FAE04EC0-301F-11D3-BF4B-00C04F79EFBC}") = "bookStore", "bookStore\bookStore.csproj", "{FBDC6B7D-8EF2-4941-BF7D-37F9C9976385}"
EndProject
Global
	GlobalSection(SolutionConfigurationPlatforms) = preSolution
		Debug|Any CPU = Debug|Any CPU
		Release|Any CPU = Release|Any CPU
	EndGlobalSection
	GlobalSection(ProjectConfigurationPlatforms) = postSolution
		{FBDC6B7D-8EF2-4941-BF7D-37F9C9976385}.Debug|Any CPU.ActiveCfg = Debug|Any CPU
		{FBDC6B7D-8EF2-4941-BF7D-37F9C9976385}.Debug|Any CPU.Build.0 = Debug|Any CPU
		{FBDC6B7D-8EF2-4941-BF7D-37F9C9976385}.Release|Any CPU.ActiveCfg = Release|Any CPU
		{FBDC6B7D-8EF2-4941-BF7D-37F9C9976385}.Release|Any CPU.Build.0 = Release|Any CPU
	EndGlobalSection
	GlobalSection(SolutionProperties) = preSolution
		HideSolutionNode = FALSE
	EndGlobalSection
	GlobalSection(ExtensibilityGlobals) = postSolution
		SolutionGuid = {D9D0BAED-09DC-47DB-A4AF-EA43079B97E4}
	EndGlobalSection
EndGlobal
